
Microsoft Visual Studio Solution File, Format Version 12.00
# Visual Studio Version 17
VisualStudioVersion = 17.5.002.0
MinimumVisualStudioVersion = 10.0.40219.1
Project("{9A19103F-16F7-4668-BE54-9A1E7A4F7556}") = "SneakerShop", "SneakerShop.csproj", "{435F3BAD-2612-4CB0-B3B2-2F01223CB162}"
EndProject
Global
	GlobalSection(SolutionConfigurationPlatforms) = preSolution
		Debug|Any CPU = Debug|Any CPU
		Release|Any CPU = Release|Any CPU
	EndGlobalSection
	GlobalSection(ProjectConfigurationPlatforms) = postSolution
		{435F3BAD-2612-4CB0-B3B2-2F01223CB162}.Debug|Any CPU.ActiveCfg = Debug|Any CPU
		{435F3BAD-2612-4CB0-B3B2-2F01223CB162}.Debug|Any CPU.Build.0 = Debug|Any CPU
		{435F3BAD-2612-4CB0-B3B2-2F01223CB162}.Release|Any CPU.ActiveCfg = Release|Any CPU
		{435F3BAD-2612-4CB0-B3B2-2F01223CB162}.Release|Any CPU.Build.0 = Release|Any CPU
	EndGlobalSection
	GlobalSection(SolutionProperties) = preSolution
		HideSolutionNode = FALSE
	EndGlobalSection
	GlobalSection(ExtensibilityGlobals) = postSolution
		SolutionGuid = {DD18B2FA-383E-4BB4-9E19-10EDB63B69C0}
	EndGlobalSection
EndGlobal
